
Microsoft Visual Studio Solution File, Format Version 12.00
# Visual Studio Version 17
VisualStudioVersion = 17.5.33516.290
MinimumVisualStudioVersion = 10.0.40219.1
Project("{8BC9CEB8-8B4A-11D0-8D11-00A0C91BC942}") = "Reversi", "Reversi.vcxproj", "{7C43297E-BB16-4289-8892-E207E783570C}"
EndProject
Global
	GlobalSection(SolutionConfigurationPlatforms) = preSolution
		Debug|x64 = Debug|x64
		Debug|x86 = Debug|x86
		Release|x64 = Release|x64
		Release|x86 = Release|x86
	EndGlobalSection
	GlobalSection(ProjectConfigurationPlatforms) = postSolution
		{7C43297E-BB16-4289-8892-E207E783570C}.Debug|x64.ActiveCfg = Debug|x64
		{7C43297E-BB16-4289-8892-E207E783570C}.Debug|x64.Build.0 = Debug|x64
		{7C43297E-BB16-4289-8892-E207E783570C}.Debug|x86.ActiveCfg = Debug|Win32
		{7C43297E-BB16-4289-8892-E207E783570C}.Debug|x86.Build.0 = Debug|Win32
		{7C43297E-BB16-4289-8892-E207E783570C}.Release|x64.ActiveCfg = Release|x64
		{7C43297E-BB16-4289-8892-E207E783570C}.Release|x64.Build.0 = Release|x64
		{7C43297E-BB16-4289-8892-E207E783570C}.Release|x86.ActiveCfg = Release|Win32
		{7C43297E-BB16-4289-8892-E207E783570C}.Release|x86.Build.0 = Release|Win32
	EndGlobalSection
	GlobalSection(SolutionProperties) = preSolution
		HideSolutionNode = FALSE
	EndGlobalSection
	GlobalSection(ExtensibilityGlobals) = postSolution
		SolutionGuid = {1631AA0C-A02C-420F-814C-4540BCE14DD2}
	EndGlobalSection
EndGlobal
